
Microsoft Visual Studio Solution File, Format Version 12.00
# Visual Studio Version 16
VisualStudioVersion = 25.0.1706.5
MinimumVisualStudioVersion = 10.0.40219.1
Project("{FAE04EC0-301F-11D3-BF4B-00C04F79EFBC}") = "WebPortal", "WebPortal\WebPortal.csproj", "{EBB80E59-6426-4A7B-9696-6F6F79B101CC}"
EndProject
Global
	GlobalSection(SolutionConfigurationPlatforms) = preSolution
		Debug|Any CPU = Debug|Any CPU
		Release|Any CPU = Release|Any CPU
	EndGlobalSection
	GlobalSection(ProjectConfigurationPlatforms) = postSolution
		{EBB80E59-6426-4A7B-9696-6F6F79B101CC}.Debug|Any CPU.ActiveCfg = Debug|Any CPU
		{EBB80E59-6426-4A7B-9696-6F6F79B101CC}.Debug|Any CPU.Build.0 = Debug|Any CPU
		{EBB80E59-6426-4A7B-9696-6F6F79B101CC}.Release|Any CPU.ActiveCfg = Release|Any CPU
		{EBB80E59-6426-4A7B-9696-6F6F79B101CC}.Release|Any CPU.Build.0 = Release|Any CPU
	EndGlobalSection
	GlobalSection(SolutionProperties) = preSolution
		HideSolutionNode = FALSE
	EndGlobalSection
	GlobalSection(ExtensibilityGlobals) = postSolution
		SolutionGuid = {5222C381-7B38-48D8-B3E7-97C486E85FB8}
	EndGlobalSection
EndGlobal
